
Microsoft Visual Studio Solution File, Format Version 12.00
# Visual Studio Version 17
VisualStudioVersion = 17.13.35913.81 d17.13
MinimumVisualStudioVersion = 10.0.40219.1
Project("{FAE04EC0-301F-11D3-BF4B-00C04F79EFBC}") = "catalogo-web", "catalogo-web\catalogo-web.csproj", "{308147D2-6F43-42C5-B4CA-A0661F246EFD}"
EndProject
Project("{FAE04EC0-301F-11D3-BF4B-00C04F79EFBC}") = "dominio", "..\..\..\csharpescritorio\Tp\TPFinalNivel2\TPFinalNivel2_RamonVillarroel\dominio\dominio.csproj", "{E519C733-9D7A-4834-94EE-68AB45463E2B}"
EndProject
Project("{FAE04EC0-301F-11D3-BF4B-00C04F79EFBC}") = "negocio", "..\..\..\csharpescritorio\Tp\TPFinalNivel2\TPFinalNivel2_RamonVillarroel\negocio\negocio.csproj", "{F3DA859E-E6B4-42BC-9390-D944D51415A5}"
EndProject
Project("{FAE04EC0-301F-11D3-BF4B-00C04F79EFBC}") = "utilitarios", "..\..\..\csharpescritorio\Tp\TPFinalNivel2\TPFinalNivel2_RamonVillarroel\utilitarios\utilitarios.csproj", "{D14F8FE8-3649-4DA6-A776-3C4CF4D80CB2}"
EndProject
Global
	GlobalSection(SolutionConfigurationPlatforms) = preSolution
		Debug|Any CPU = Debug|Any CPU
		Release|Any CPU = Release|Any CPU
	EndGlobalSection
	GlobalSection(ProjectConfigurationPlatforms) = postSolution
		{308147D2-6F43-42C5-B4CA-A0661F246EFD}.Debug|Any CPU.ActiveCfg = Debug|Any CPU
		{308147D2-6F43-42C5-B4CA-A0661F246EFD}.Debug|Any CPU.Build.0 = Debug|Any CPU
		{308147D2-6F43-42C5-B4CA-A0661F246EFD}.Release|Any CPU.ActiveCfg = Release|Any CPU
		{308147D2-6F43-42C5-B4CA-A0661F246EFD}.Release|Any CPU.Build.0 = Release|Any CPU
		{E519C733-9D7A-4834-94EE-68AB45463E2B}.Debug|Any CPU.ActiveCfg = Debug|Any CPU
		{E519C733-9D7A-4834-94EE-68AB45463E2B}.Debug|Any CPU.Build.0 = Debug|Any CPU
		{E519C733-9D7A-4834-94EE-68AB45463E2B}.Release|Any CPU.ActiveCfg = Release|Any CPU
		{E519C733-9D7A-4834-94EE-68AB45463E2B}.Release|Any CPU.Build.0 = Release|Any CPU
		{F3DA859E-E6B4-42BC-9390-D944D51415A5}.Debug|Any CPU.ActiveCfg = Debug|Any CPU
		{F3DA859E-E6B4-42BC-9390-D944D51415A5}.Debug|Any CPU.Build.0 = Debug|Any CPU
		{F3DA859E-E6B4-42BC-9390-D944D51415A5}.Release|Any CPU.ActiveCfg = Release|Any CPU
		{F3DA859E-E6B4-42BC-9390-D944D51415A5}.Release|Any CPU.Build.0 = Release|Any CPU
		{D14F8FE8-3649-4DA6-A776-3C4CF4D80CB2}.Debug|Any CPU.ActiveCfg = Debug|Any CPU
		{D14F8FE8-3649-4DA6-A776-3C4CF4D80CB2}.Debug|Any CPU.Build.0 = Debug|Any CPU
		{D14F8FE8-3649-4DA6-A776-3C4CF4D80CB2}.Release|Any CPU.ActiveCfg = Release|Any CPU
		{D14F8FE8-3649-4DA6-A776-3C4CF4D80CB2}.Release|Any CPU.Build.0 = Release|Any CPU
	EndGlobalSection
	GlobalSection(SolutionProperties) = preSolution
		HideSolutionNode = FALSE
	EndGlobalSection
	GlobalSection(ExtensibilityGlobals) = postSolution
		SolutionGuid = {1400C655-51B5-4FA5-AD64-AF765DE4C557}
	EndGlobalSection
EndGlobal
